
Microsoft Visual Studio Solution File, Format Version 12.00
# Visual Studio Version 17
VisualStudioVersion = 17.7.34202.233
MinimumVisualStudioVersion = 10.0.40219.1
Project("{FAE04EC0-301F-11D3-BF4B-00C04F79EFBC}") = "BestStoreWinforms", "BestStoreWinforms\BestStoreWinforms.csproj", "{2B0D0D7F-F89E-4E98-91F6-1D4C94F10703}"
EndProject
Global
	GlobalSection(SolutionConfigurationPlatforms) = preSolution
		Debug|Any CPU = Debug|Any CPU
		Release|Any CPU = Release|Any CPU
	EndGlobalSection
	GlobalSection(ProjectConfigurationPlatforms) = postSolution
		{2B0D0D7F-F89E-4E98-91F6-1D4C94F10703}.Debug|Any CPU.ActiveCfg = Debug|Any CPU
		{2B0D0D7F-F89E-4E98-91F6-1D4C94F10703}.Debug|Any CPU.Build.0 = Debug|Any CPU
		{2B0D0D7F-F89E-4E98-91F6-1D4C94F10703}.Release|Any CPU.ActiveCfg = Release|Any CPU
		{2B0D0D7F-F89E-4E98-91F6-1D4C94F10703}.Release|Any CPU.Build.0 = Release|Any CPU
	EndGlobalSection
	GlobalSection(SolutionProperties) = preSolution
		HideSolutionNode = FALSE
	EndGlobalSection
	GlobalSection(ExtensibilityGlobals) = postSolution
		SolutionGuid = {66F07088-87A7-4765-BF0F-24524679D2E1}
	EndGlobalSection
EndGlobal
